
Microsoft Visual Studio Solution File, Format Version 11.00
# Visual Studio 2010
Project("{FAE04EC0-301F-11D3-BF4B-00C04F79EFBC}") = "UniTask.Linq", "UniTask.Linq.csproj", "{9dee5578-303d-9162-a104-da091e9f4525}"
EndProject
Project("{FAE04EC0-301F-11D3-BF4B-00C04F79EFBC}") = "UniTask", "UniTask.csproj", "{3989652b-1fb3-5e99-4d1b-4fc146248f71}"
EndProject
Project("{FAE04EC0-301F-11D3-BF4B-00C04F79EFBC}") = "Assembly-CSharp", "Assembly-CSharp.csproj", "{4cc73363-7b3f-6db8-940f-0e0b6f95474a}"
EndProject
Project("{FAE04EC0-301F-11D3-BF4B-00C04F79EFBC}") = "UniTask.Addressables", "UniTask.Addressables.csproj", "{8e7de5a1-39ea-6b7f-0e7a-9a9a3ea6b75b}"
EndProject
Project("{FAE04EC0-301F-11D3-BF4B-00C04F79EFBC}") = "UniTask.TextMeshPro", "UniTask.TextMeshPro.csproj", "{579da38a-b517-e88c-90ad-7600fdc305cd}"
EndProject
Project("{FAE04EC0-301F-11D3-BF4B-00C04F79EFBC}") = "UniTask.DOTween", "UniTask.DOTween.csproj", "{a3d540cb-07ca-cfe3-768e-71680da54be5}"
EndProject
Project("{FAE04EC0-301F-11D3-BF4B-00C04F79EFBC}") = "UniTask.Editor", "UniTask.Editor.csproj", "{55ed3537-53ae-5a28-c49d-84c8f2179e4a}"
EndProject
Project("{FAE04EC0-301F-11D3-BF4B-00C04F79EFBC}") = "Assembly-CSharp-firstpass", "Assembly-CSharp-firstpass.csproj", "{a3e1d52d-53ac-3156-1b2e-158f211b6504}"
EndProject
Project("{FAE04EC0-301F-11D3-BF4B-00C04F79EFBC}") = "Assembly-CSharp-Editor", "Assembly-CSharp-Editor.csproj", "{aed87f11-3309-1d94-8639-55b38c01c978}"
EndProject
Global
	GlobalSection(SolutionConfigurationPlatforms) = preSolution
		Debug|Any CPU = Debug|Any CPU
	EndGlobalSection
	GlobalSection(ProjectConfigurationPlatforms) = postSolution
		{9dee5578-303d-9162-a104-da091e9f4525}.Debug|Any CPU.ActiveCfg = Debug|Any CPU
		{9dee5578-303d-9162-a104-da091e9f4525}.Debug|Any CPU.Build.0 = Debug|Any CPU
		{3989652b-1fb3-5e99-4d1b-4fc146248f71}.Debug|Any CPU.ActiveCfg = Debug|Any CPU
		{3989652b-1fb3-5e99-4d1b-4fc146248f71}.Debug|Any CPU.Build.0 = Debug|Any CPU
		{4cc73363-7b3f-6db8-940f-0e0b6f95474a}.Debug|Any CPU.ActiveCfg = Debug|Any CPU
		{4cc73363-7b3f-6db8-940f-0e0b6f95474a}.Debug|Any CPU.Build.0 = Debug|Any CPU
		{8e7de5a1-39ea-6b7f-0e7a-9a9a3ea6b75b}.Debug|Any CPU.ActiveCfg = Debug|Any CPU
		{8e7de5a1-39ea-6b7f-0e7a-9a9a3ea6b75b}.Debug|Any CPU.Build.0 = Debug|Any CPU
		{579da38a-b517-e88c-90ad-7600fdc305cd}.Debug|Any CPU.ActiveCfg = Debug|Any CPU
		{579da38a-b517-e88c-90ad-7600fdc305cd}.Debug|Any CPU.Build.0 = Debug|Any CPU
		{a3d540cb-07ca-cfe3-768e-71680da54be5}.Debug|Any CPU.ActiveCfg = Debug|Any CPU
		{a3d540cb-07ca-cfe3-768e-71680da54be5}.Debug|Any CPU.Build.0 = Debug|Any CPU
		{55ed3537-53ae-5a28-c49d-84c8f2179e4a}.Debug|Any CPU.ActiveCfg = Debug|Any CPU
		{55ed3537-53ae-5a28-c49d-84c8f2179e4a}.Debug|Any CPU.Build.0 = Debug|Any CPU
		{a3e1d52d-53ac-3156-1b2e-158f211b6504}.Debug|Any CPU.ActiveCfg = Debug|Any CPU
		{a3e1d52d-53ac-3156-1b2e-158f211b6504}.Debug|Any CPU.Build.0 = Debug|Any CPU
		{aed87f11-3309-1d94-8639-55b38c01c978}.Debug|Any CPU.ActiveCfg = Debug|Any CPU
		{aed87f11-3309-1d94-8639-55b38c01c978}.Debug|Any CPU.Build.0 = Debug|Any CPU
	EndGlobalSection
	GlobalSection(SolutionProperties) = preSolution
		HideSolutionNode = FALSE
	EndGlobalSection
EndGlobal
